
Microsoft Visual Studio Solution File, Format Version 12.00
# Visual Studio 15
VisualStudioVersion = 15.0.27428.2015
MinimumVisualStudioVersion = 10.0.40219.1
Project("{FAE04EC0-301F-11D3-BF4B-00C04F79EFBC}") = "ChipmunkX", "ChipmunkX\ChipmunkX.csproj", "{63820211-B472-4AD1-8DFC-867A14263723}"
	ProjectSection(ProjectDependencies) = postProject
		{263436A2-00CC-41A9-90EA-E213AEAFF2F7} = {263436A2-00CC-41A9-90EA-E213AEAFF2F7}
	EndProjectSection
EndProject
Project("{8BC9CEB8-8B4A-11D0-8D11-00A0C91BC942}") = "Chipmunk", "Chipmunk\Chipmunk.vcxproj", "{263436A2-00CC-41A9-90EA-E213AEAFF2F7}"
EndProject
Project("{FAE04EC0-301F-11D3-BF4B-00C04F79EFBC}") = "ChipmunkX.Test", "ChipmunkX.Test\ChipmunkX.Test.csproj", "{F5BA9ED6-54B4-430A-84EC-E9E3A559AD01}"
EndProject
Project("{FAE04EC0-301F-11D3-BF4B-00C04F79EFBC}") = "CruPhysics", "CruPhysics\CruPhysics.csproj", "{FE1B2937-778A-4E7E-89B3-31E9595D1A96}"
	ProjectSection(ProjectDependencies) = postProject
		{63820211-B472-4AD1-8DFC-867A14263723} = {63820211-B472-4AD1-8DFC-867A14263723}
	EndProjectSection
EndProject
Global
	GlobalSection(SolutionConfigurationPlatforms) = preSolution
		Debug|Any CPU = Debug|Any CPU
		Debug|ARM = Debug|ARM
		Debug|x64 = Debug|x64
		Debug|x86 = Debug|x86
		Release|Any CPU = Release|Any CPU
		Release|ARM = Release|ARM
		Release|x64 = Release|x64
		Release|x86 = Release|x86
	EndGlobalSection
	GlobalSection(ProjectConfigurationPlatforms) = postSolution
		{63820211-B472-4AD1-8DFC-867A14263723}.Debug|Any CPU.ActiveCfg = Debug|Any CPU
		{63820211-B472-4AD1-8DFC-867A14263723}.Debug|Any CPU.Build.0 = Debug|Any CPU
		{63820211-B472-4AD1-8DFC-867A14263723}.Debug|ARM.ActiveCfg = Debug|ARM
		{63820211-B472-4AD1-8DFC-867A14263723}.Debug|ARM.Build.0 = Debug|ARM
		{63820211-B472-4AD1-8DFC-867A14263723}.Debug|x64.ActiveCfg = Debug|x64
		{63820211-B472-4AD1-8DFC-867A14263723}.Debug|x64.Build.0 = Debug|x64
		{63820211-B472-4AD1-8DFC-867A14263723}.Debug|x86.ActiveCfg = Debug|x86
		{63820211-B472-4AD1-8DFC-867A14263723}.Debug|x86.Build.0 = Debug|x86
		{63820211-B472-4AD1-8DFC-867A14263723}.Release|Any CPU.ActiveCfg = Release|Any CPU
		{63820211-B472-4AD1-8DFC-867A14263723}.Release|Any CPU.Build.0 = Release|Any CPU
		{63820211-B472-4AD1-8DFC-867A14263723}.Release|ARM.ActiveCfg = Release|ARM
		{63820211-B472-4AD1-8DFC-867A14263723}.Release|ARM.Build.0 = Release|ARM
		{63820211-B472-4AD1-8DFC-867A14263723}.Release|x64.ActiveCfg = Release|x64
		{63820211-B472-4AD1-8DFC-867A14263723}.Release|x64.Build.0 = Release|x64
		{63820211-B472-4AD1-8DFC-867A14263723}.Release|x86.ActiveCfg = Release|x86
		{63820211-B472-4AD1-8DFC-867A14263723}.Release|x86.Build.0 = Release|x86
		{263436A2-00CC-41A9-90EA-E213AEAFF2F7}.Debug|Any CPU.ActiveCfg = Debug|Win32
		{263436A2-00CC-41A9-90EA-E213AEAFF2F7}.Debug|Any CPU.Build.0 = Debug|Win32
		{263436A2-00CC-41A9-90EA-E213AEAFF2F7}.Debug|ARM.ActiveCfg = Debug|ARM
		{263436A2-00CC-41A9-90EA-E213AEAFF2F7}.Debug|ARM.Build.0 = Debug|ARM
		{263436A2-00CC-41A9-90EA-E213AEAFF2F7}.Debug|x64.ActiveCfg = Debug|x64
		{263436A2-00CC-41A9-90EA-E213AEAFF2F7}.Debug|x64.Build.0 = Debug|x64
		{263436A2-00CC-41A9-90EA-E213AEAFF2F7}.Debug|x86.ActiveCfg = Debug|Win32
		{263436A2-00CC-41A9-90EA-E213AEAFF2F7}.Debug|x86.Build.0 = Debug|Win32
		{263436A2-00CC-41A9-90EA-E213AEAFF2F7}.Release|Any CPU.ActiveCfg = Release|Win32
		{263436A2-00CC-41A9-90EA-E213AEAFF2F7}.Release|ARM.ActiveCfg = Release|ARM
		{263436A2-00CC-41A9-90EA-E213AEAFF2F7}.Release|ARM.Build.0 = Release|ARM
		{263436A2-00CC-41A9-90EA-E213AEAFF2F7}.Release|x64.ActiveCfg = Release|x64
		{263436A2-00CC-41A9-90EA-E213AEAFF2F7}.Release|x64.Build.0 = Release|x64
		{263436A2-00CC-41A9-90EA-E213AEAFF2F7}.Release|x86.ActiveCfg = Release|Win32
		{263436A2-00CC-41A9-90EA-E213AEAFF2F7}.Release|x86.Build.0 = Release|Win32
		{F5BA9ED6-54B4-430A-84EC-E9E3A559AD01}.Debug|Any CPU.ActiveCfg = Debug|x86
		{F5BA9ED6-54B4-430A-84EC-E9E3A559AD01}.Debug|Any CPU.Build.0 = Debug|x86
		{F5BA9ED6-54B4-430A-84EC-E9E3A559AD01}.Debug|Any CPU.Deploy.0 = Debug|x86
		{F5BA9ED6-54B4-430A-84EC-E9E3A559AD01}.Debug|ARM.ActiveCfg = Debug|ARM
		{F5BA9ED6-54B4-430A-84EC-E9E3A559AD01}.Debug|ARM.Build.0 = Debug|ARM
		{F5BA9ED6-54B4-430A-84EC-E9E3A559AD01}.Debug|ARM.Deploy.0 = Debug|ARM
		{F5BA9ED6-54B4-430A-84EC-E9E3A559AD01}.Debug|x64.ActiveCfg = Debug|x64
		{F5BA9ED6-54B4-430A-84EC-E9E3A559AD01}.Debug|x64.Build.0 = Debug|x64
		{F5BA9ED6-54B4-430A-84EC-E9E3A559AD01}.Debug|x64.Deploy.0 = Debug|x64
		{F5BA9ED6-54B4-430A-84EC-E9E3A559AD01}.Debug|x86.ActiveCfg = Debug|x86
		{F5BA9ED6-54B4-430A-84EC-E9E3A559AD01}.Debug|x86.Build.0 = Debug|x86
		{F5BA9ED6-54B4-430A-84EC-E9E3A559AD01}.Debug|x86.Deploy.0 = Debug|x86
		{F5BA9ED6-54B4-430A-84EC-E9E3A559AD01}.Release|Any CPU.ActiveCfg = Release|x86
		{F5BA9ED6-54B4-430A-84EC-E9E3A559AD01}.Release|ARM.ActiveCfg = Release|ARM
		{F5BA9ED6-54B4-430A-84EC-E9E3A559AD01}.Release|ARM.Build.0 = Release|ARM
		{F5BA9ED6-54B4-430A-84EC-E9E3A559AD01}.Release|ARM.Deploy.0 = Release|ARM
		{F5BA9ED6-54B4-430A-84EC-E9E3A559AD01}.Release|x64.ActiveCfg = Release|x64
		{F5BA9ED6-54B4-430A-84EC-E9E3A559AD01}.Release|x64.Build.0 = Release|x64
		{F5BA9ED6-54B4-430A-84EC-E9E3A559AD01}.Release|x64.Deploy.0 = Release|x64
		{F5BA9ED6-54B4-430A-84EC-E9E3A559AD01}.Release|x86.ActiveCfg = Release|x86
		{F5BA9ED6-54B4-430A-84EC-E9E3A559AD01}.Release|x86.Build.0 = Release|x86
		{F5BA9ED6-54B4-430A-84EC-E9E3A559AD01}.Release|x86.Deploy.0 = Release|x86
		{FE1B2937-778A-4E7E-89B3-31E9595D1A96}.Debug|Any CPU.ActiveCfg = Debug|x86
		{FE1B2937-778A-4E7E-89B3-31E9595D1A96}.Debug|Any CPU.Build.0 = Debug|x86
		{FE1B2937-778A-4E7E-89B3-31E9595D1A96}.Debug|Any CPU.Deploy.0 = Debug|x86
		{FE1B2937-778A-4E7E-89B3-31E9595D1A96}.Debug|ARM.ActiveCfg = Debug|ARM
		{FE1B2937-778A-4E7E-89B3-31E9595D1A96}.Debug|ARM.Build.0 = Debug|ARM
		{FE1B2937-778A-4E7E-89B3-31E9595D1A96}.Debug|ARM.Deploy.0 = Debug|ARM
		{FE1B2937-778A-4E7E-89B3-31E9595D1A96}.Debug|x64.ActiveCfg = Debug|x64
		{FE1B2937-778A-4E7E-89B3-31E9595D1A96}.Debug|x64.Build.0 = Debug|x64
		{FE1B2937-778A-4E7E-89B3-31E9595D1A96}.Debug|x64.Deploy.0 = Debug|x64
		{FE1B2937-778A-4E7E-89B3-31E9595D1A96}.Debug|x86.ActiveCfg = Debug|x86
		{FE1B2937-778A-4E7E-89B3-31E9595D1A96}.Debug|x86.Build.0 = Debug|x86
		{FE1B2937-778A-4E7E-89B3-31E9595D1A96}.Debug|x86.Deploy.0 = Debug|x86
		{FE1B2937-778A-4E7E-89B3-31E9595D1A96}.Release|Any CPU.ActiveCfg = Release|x86
		{FE1B2937-778A-4E7E-89B3-31E9595D1A96}.Release|ARM.ActiveCfg = Release|ARM
		{FE1B2937-778A-4E7E-89B3-31E9595D1A96}.Release|ARM.Build.0 = Release|ARM
		{FE1B2937-778A-4E7E-89B3-31E9595D1A96}.Release|ARM.Deploy.0 = Release|ARM
		{FE1B2937-778A-4E7E-89B3-31E9595D1A96}.Release|x64.ActiveCfg = Release|x64
		{FE1B2937-778A-4E7E-89B3-31E9595D1A96}.Release|x64.Build.0 = Release|x64
		{FE1B2937-778A-4E7E-89B3-31E9595D1A96}.Release|x64.Deploy.0 = Release|x64
		{FE1B2937-778A-4E7E-89B3-31E9595D1A96}.Release|x86.ActiveCfg = Release|x86
		{FE1B2937-778A-4E7E-89B3-31E9595D1A96}.Release|x86.Build.0 = Release|x86
		{FE1B2937-778A-4E7E-89B3-31E9595D1A96}.Release|x86.Deploy.0 = Release|x86
	EndGlobalSection
	GlobalSection(SolutionProperties) = preSolution
		HideSolutionNode = FALSE
	EndGlobalSection
	GlobalSection(ExtensibilityGlobals) = postSolution
		SolutionGuid = {CAD3448E-E8AF-4F75-A0E0-19BE63E98D46}
	EndGlobalSection
EndGlobal
