<?xml version="1.0" encoding="utf-8"?>
<Project ToolsVersion="15.0" xmlns="http://schemas.microsoft.com/developer/msbuild/2003">
  <ItemGroup>
    <Filter Include="Resource Files">
      <UniqueIdentifier>{67DA6AB6-F800-4c08-8B7A-83BB121AAD01}</UniqueIdentifier>
      <Extensions>rc;ico;cur;bmp;dlg;rc2;rct;bin;rgs;gif;jpg;jpeg;jpe;resx;tga;tiff;tif;png;wav;mfcribbon-ms</Extensions>
    </Filter>
    <Filter Include="Source Files">
      <UniqueIdentifier>{5ec4854d-fcd8-4dd1-bb5e-5ef4a523ce1b}</UniqueIdentifier>
    </Filter>
    <Filter Include="Header Files">
      <UniqueIdentifier>{0c4fee30-3ecf-44a7-92dd-0805829d1dfd}</UniqueIdentifier>
    </Filter>
    <Filter Include="Scripts">
      <UniqueIdentifier>{bcdc901e-344e-4d4c-96d2-d4807557fbac}</UniqueIdentifier>
    </Filter>
  </ItemGroup>
  <ItemGroup>
    <ClInclude Include="include\chipmunk\chipmunk.h">
      <Filter>Header Files</Filter>
    </ClInclude>
    <ClInclude Include="include\chipmunk\chipmunk_ffi.h">
      <Filter>Header Files</Filter>
    </ClInclude>
    <ClInclude Include="include\chipmunk\chipmunk_private.h">
      <Filter>Header Files</Filter>
    </ClInclude>
    <ClInclude Include="include\chipmunk\chipmunk_structs.h">
      <Filter>Header Files</Filter>
    </ClInclude>
    <ClInclude Include="include\chipmunk\chipmunk_types.h">
      <Filter>Header Files</Filter>
    </ClInclude>
    <ClInclude Include="include\chipmunk\chipmunk_unsafe.h">
      <Filter>Header Files</Filter>
    </ClInclude>
    <ClInclude Include="include\chipmunk\cpArbiter.h">
      <Filter>Header Files</Filter>
    </ClInclude>
    <ClInclude Include="include\chipmunk\cpBB.h">
      <Filter>Header Files</Filter>
    </ClInclude>
    <ClInclude Include="include\chipmunk\cpBody.h">
      <Filter>Header Files</Filter>
    </ClInclude>
    <ClInclude Include="include\chipmunk\cpConstraint.h">
      <Filter>Header Files</Filter>
    </ClInclude>
    <ClInclude Include="include\chipmunk\cpDampedRotarySpring.h">
      <Filter>Header Files</Filter>
    </ClInclude>
    <ClInclude Include="include\chipmunk\cpDampedSpring.h">
      <Filter>Header Files</Filter>
    </ClInclude>
    <ClInclude Include="include\chipmunk\cpGearJoint.h">
      <Filter>Header Files</Filter>
    </ClInclude>
    <ClInclude Include="include\chipmunk\cpGrooveJoint.h">
      <Filter>Header Files</Filter>
    </ClInclude>
    <ClInclude Include="include\chipmunk\cpMarch.h">
      <Filter>Header Files</Filter>
    </ClInclude>
    <ClInclude Include="include\chipmunk\cpPinJoint.h">
      <Filter>Header Files</Filter>
    </ClInclude>
    <ClInclude Include="include\chipmunk\cpPivotJoint.h">
      <Filter>Header Files</Filter>
    </ClInclude>
    <ClInclude Include="include\chipmunk\cpPolyline.h">
      <Filter>Header Files</Filter>
    </ClInclude>
    <ClInclude Include="include\chipmunk\cpPolyShape.h">
      <Filter>Header Files</Filter>
    </ClInclude>
    <ClInclude Include="include\chipmunk\cpRatchetJoint.h">
      <Filter>Header Files</Filter>
    </ClInclude>
    <ClInclude Include="include\chipmunk\cpRobust.h">
      <Filter>Header Files</Filter>
    </ClInclude>
    <ClInclude Include="include\chipmunk\cpRotaryLimitJoint.h">
      <Filter>Header Files</Filter>
    </ClInclude>
    <ClInclude Include="include\chipmunk\cpShape.h">
      <Filter>Header Files</Filter>
    </ClInclude>
    <ClInclude Include="include\chipmunk\cpSimpleMotor.h">
      <Filter>Header Files</Filter>
    </ClInclude>
    <ClInclude Include="include\chipmunk\cpSlideJoint.h">
      <Filter>Header Files</Filter>
    </ClInclude>
    <ClInclude Include="include\chipmunk\cpSpace.h">
      <Filter>Header Files</Filter>
    </ClInclude>
    <ClInclude Include="include\chipmunk\cpSpatialIndex.h">
      <Filter>Header Files</Filter>
    </ClInclude>
    <ClInclude Include="include\chipmunk\cpTransform.h">
      <Filter>Header Files</Filter>
    </ClInclude>
    <ClInclude Include="include\chipmunk\cpVect.h">
      <Filter>Header Files</Filter>
    </ClInclude>
    <ClInclude Include="src\prime.h">
      <Filter>Header Files</Filter>
    </ClInclude>
  </ItemGroup>
  <ItemGroup>
    <ClCompile Include="src\chipmunk.c">
      <Filter>Source Files</Filter>
    </ClCompile>
    <ClCompile Include="src\cpArbiter.c">
      <Filter>Source Files</Filter>
    </ClCompile>
    <ClCompile Include="src\cpArray.c">
      <Filter>Source Files</Filter>
    </ClCompile>
    <ClCompile Include="src\cpBBTree.c">
      <Filter>Source Files</Filter>
    </ClCompile>
    <ClCompile Include="src\cpBody.c">
      <Filter>Source Files</Filter>
    </ClCompile>
    <ClCompile Include="src\cpCollision.c">
      <Filter>Source Files</Filter>
    </ClCompile>
    <ClCompile Include="src\cpConstraint.c">
      <Filter>Source Files</Filter>
    </ClCompile>
    <ClCompile Include="src\cpDampedRotarySpring.c">
      <Filter>Source Files</Filter>
    </ClCompile>
    <ClCompile Include="src\cpDampedSpring.c">
      <Filter>Source Files</Filter>
    </ClCompile>
    <ClCompile Include="src\cpGearJoint.c">
      <Filter>Source Files</Filter>
    </ClCompile>
    <ClCompile Include="src\cpGrooveJoint.c">
      <Filter>Source Files</Filter>
    </ClCompile>
    <ClCompile Include="src\cpHashSet.c">
      <Filter>Source Files</Filter>
    </ClCompile>
    <ClCompile Include="src\cpMarch.c">
      <Filter>Source Files</Filter>
    </ClCompile>
    <ClCompile Include="src\cpPinJoint.c">
      <Filter>Source Files</Filter>
    </ClCompile>
    <ClCompile Include="src\cpPivotJoint.c">
      <Filter>Source Files</Filter>
    </ClCompile>
    <ClCompile Include="src\cpPolyline.c">
      <Filter>Source Files</Filter>
    </ClCompile>
    <ClCompile Include="src\cpPolyShape.c">
      <Filter>Source Files</Filter>
    </ClCompile>
    <ClCompile Include="src\cpRatchetJoint.c">
      <Filter>Source Files</Filter>
    </ClCompile>
    <ClCompile Include="src\cpRobust.c">
      <Filter>Source Files</Filter>
    </ClCompile>
    <ClCompile Include="src\cpRotaryLimitJoint.c">
      <Filter>Source Files</Filter>
    </ClCompile>
    <ClCompile Include="src\cpShape.c">
      <Filter>Source Files</Filter>
    </ClCompile>
    <ClCompile Include="src\cpSimpleMotor.c">
      <Filter>Source Files</Filter>
    </ClCompile>
    <ClCompile Include="src\cpSlideJoint.c">
      <Filter>Source Files</Filter>
    </ClCompile>
    <ClCompile Include="src\cpSpace.c">
      <Filter>Source Files</Filter>
    </ClCompile>
    <ClCompile Include="src\cpSpaceComponent.c">
      <Filter>Source Files</Filter>
    </ClCompile>
    <ClCompile Include="src\cpSpaceDebug.c">
      <Filter>Source Files</Filter>
    </ClCompile>
    <ClCompile Include="src\cpSpaceHash.c">
      <Filter>Source Files</Filter>
    </ClCompile>
    <ClCompile Include="src\cpSpaceQuery.c">
      <Filter>Source Files</Filter>
    </ClCompile>
    <ClCompile Include="src\cpSpaceStep.c">
      <Filter>Source Files</Filter>
    </ClCompile>
    <ClCompile Include="src\cpSpatialIndex.c">
      <Filter>Source Files</Filter>
    </ClCompile>
    <ClCompile Include="src\cpSweep1D.c">
      <Filter>Source Files</Filter>
    </ClCompile>
  </ItemGroup>
  <ItemGroup>
    <None Include="Scripts\CopyDll.bat">
      <Filter>Scripts</Filter>
    </None>
  </ItemGroup>
</Project>